
Microsoft Visual Studio Solution File, Format Version 12.00
# Visual Studio Version 17
VisualStudioVersion = 17.4.33122.133
MinimumVisualStudioVersion = 10.0.40219.1
Project("{9A19103F-16F7-4668-BE54-9A1E7A4F7556}") = "HotelReservation", "HotelReservation\HotelReservation.csproj", "{55112199-44C3-4133-9DA3-E6F9A6E9CDA8}"
EndProject
Global
	GlobalSection(SolutionConfigurationPlatforms) = preSolution
		Debug|Any CPU = Debug|Any CPU
		Release|Any CPU = Release|Any CPU
	EndGlobalSection
	GlobalSection(ProjectConfigurationPlatforms) = postSolution
		{55112199-44C3-4133-9DA3-E6F9A6E9CDA8}.Debug|Any CPU.ActiveCfg = Debug|Any CPU
		{55112199-44C3-4133-9DA3-E6F9A6E9CDA8}.Debug|Any CPU.Build.0 = Debug|Any CPU
		{55112199-44C3-4133-9DA3-E6F9A6E9CDA8}.Release|Any CPU.ActiveCfg = Release|Any CPU
		{55112199-44C3-4133-9DA3-E6F9A6E9CDA8}.Release|Any CPU.Build.0 = Release|Any CPU
	EndGlobalSection
	GlobalSection(SolutionProperties) = preSolution
		HideSolutionNode = FALSE
	EndGlobalSection
	GlobalSection(ExtensibilityGlobals) = postSolution
		SolutionGuid = {232ED4F8-8C67-48B9-886E-ED090DAD09C6}
	EndGlobalSection
EndGlobal
